
Microsoft Visual Studio Solution File, Format Version 12.00
# Visual Studio Version 17
VisualStudioVersion = 17.1.32328.378
MinimumVisualStudioVersion = 10.0.40219.1
Project("{FAE04EC0-301F-11D3-BF4B-00C04F79EFBC}") = "MyShop.Core", "MyShop.Core\MyShop.Core.csproj", "{DABB6972-BABC-480F-B587-7E2D83C4D298}"
EndProject
Project("{FAE04EC0-301F-11D3-BF4B-00C04F79EFBC}") = "MyShop.Services", "MyShop.Services\MyShop.Services.csproj", "{E7C26CA3-1869-4925-87D6-ED9DBB003E1D}"
EndProject
Project("{FAE04EC0-301F-11D3-BF4B-00C04F79EFBC}") = "MyShop.DataAccess.SQL", "MyShop.DataAccess.SQL\MyShop.DataAccess.SQL.csproj", "{3FF2BD2B-E933-4AF3-B90E-80246B0B74AA}"
EndProject
Project("{FAE04EC0-301F-11D3-BF4B-00C04F79EFBC}") = "MyShop.DataAccess.InMemory", "MyShop.DataAccess.InMemory\MyShop.DataAccess.InMemory.csproj", "{2271F49D-9900-44FF-806D-C8D34958475B}"
EndProject
Project("{FAE04EC0-301F-11D3-BF4B-00C04F79EFBC}") = "MyShop.WebUI", "MyShop.WebUI\MyShop.WebUI.csproj", "{30497C33-10D4-4EC4-BBA6-DC69B6887086}"
EndProject
Project("{FAE04EC0-301F-11D3-BF4B-00C04F79EFBC}") = "MyShop.WebUI.Tests", "MyShop.WebUI.Tests\MyShop.WebUI.Tests.csproj", "{C6633951-DF3C-44FA-8864-F90A88B769C1}"
EndProject
Global
	GlobalSection(SolutionConfigurationPlatforms) = preSolution
		Debug|Any CPU = Debug|Any CPU
		Release|Any CPU = Release|Any CPU
	EndGlobalSection
	GlobalSection(ProjectConfigurationPlatforms) = postSolution
		{DABB6972-BABC-480F-B587-7E2D83C4D298}.Debug|Any CPU.ActiveCfg = Debug|Any CPU
		{DABB6972-BABC-480F-B587-7E2D83C4D298}.Debug|Any CPU.Build.0 = Debug|Any CPU
		{DABB6972-BABC-480F-B587-7E2D83C4D298}.Release|Any CPU.ActiveCfg = Release|Any CPU
		{DABB6972-BABC-480F-B587-7E2D83C4D298}.Release|Any CPU.Build.0 = Release|Any CPU
		{E7C26CA3-1869-4925-87D6-ED9DBB003E1D}.Debug|Any CPU.ActiveCfg = Debug|Any CPU
		{E7C26CA3-1869-4925-87D6-ED9DBB003E1D}.Debug|Any CPU.Build.0 = Debug|Any CPU
		{E7C26CA3-1869-4925-87D6-ED9DBB003E1D}.Release|Any CPU.ActiveCfg = Release|Any CPU
		{E7C26CA3-1869-4925-87D6-ED9DBB003E1D}.Release|Any CPU.Build.0 = Release|Any CPU
		{3FF2BD2B-E933-4AF3-B90E-80246B0B74AA}.Debug|Any CPU.ActiveCfg = Debug|Any CPU
		{3FF2BD2B-E933-4AF3-B90E-80246B0B74AA}.Debug|Any CPU.Build.0 = Debug|Any CPU
		{3FF2BD2B-E933-4AF3-B90E-80246B0B74AA}.Release|Any CPU.ActiveCfg = Release|Any CPU
		{3FF2BD2B-E933-4AF3-B90E-80246B0B74AA}.Release|Any CPU.Build.0 = Release|Any CPU
		{2271F49D-9900-44FF-806D-C8D34958475B}.Debug|Any CPU.ActiveCfg = Debug|Any CPU
		{2271F49D-9900-44FF-806D-C8D34958475B}.Debug|Any CPU.Build.0 = Debug|Any CPU
		{2271F49D-9900-44FF-806D-C8D34958475B}.Release|Any CPU.ActiveCfg = Release|Any CPU
		{2271F49D-9900-44FF-806D-C8D34958475B}.Release|Any CPU.Build.0 = Release|Any CPU
		{30497C33-10D4-4EC4-BBA6-DC69B6887086}.Debug|Any CPU.ActiveCfg = Debug|Any CPU
		{30497C33-10D4-4EC4-BBA6-DC69B6887086}.Debug|Any CPU.Build.0 = Debug|Any CPU
		{30497C33-10D4-4EC4-BBA6-DC69B6887086}.Release|Any CPU.ActiveCfg = Release|Any CPU
		{30497C33-10D4-4EC4-BBA6-DC69B6887086}.Release|Any CPU.Build.0 = Release|Any CPU
		{C6633951-DF3C-44FA-8864-F90A88B769C1}.Debug|Any CPU.ActiveCfg = Debug|Any CPU
		{C6633951-DF3C-44FA-8864-F90A88B769C1}.Debug|Any CPU.Build.0 = Debug|Any CPU
		{C6633951-DF3C-44FA-8864-F90A88B769C1}.Release|Any CPU.ActiveCfg = Release|Any CPU
		{C6633951-DF3C-44FA-8864-F90A88B769C1}.Release|Any CPU.Build.0 = Release|Any CPU
	EndGlobalSection
	GlobalSection(SolutionProperties) = preSolution
		HideSolutionNode = FALSE
	EndGlobalSection
	GlobalSection(ExtensibilityGlobals) = postSolution
		SolutionGuid = {341FDB79-11F1-42CD-A2AE-9F99296DA674}
	EndGlobalSection
EndGlobal
